// !$*UTF8*$!
{
	archiveVersion = 1;
	classes = {
	};
	objectVersion = 46;
	objects = {

/* Begin PBXBuildFile section */
		440F53E01B90CF3E007C89DC /* tap.png in Resources */ = {isa = PBXBuildFile; fileRef = 440F53DF1B90CF3E007C89DC /* tap.png */; };
		441A8B8F1B94FCE200539E5F /* Ariranha.atlas in Resources */ = {isa = PBXBuildFile; fileRef = 441A8B8E1B94FCE200539E5F /* Ariranha.atlas */; };
		444918241B8F95FE00DD81E1 /* bola.png in Resources */ = {isa = PBXBuildFile; fileRef = 444918231B8F95FE00DD81E1 /* bola.png */; };
		445E29821B8E554200DA4FD7 /* FeedingGameScene.sks in Resources */ = {isa = PBXBuildFile; fileRef = 445E29811B8E554200DA4FD7 /* FeedingGameScene.sks */; };
		445E29841B8E560C00DA4FD7 /* FeedingGameScene.swift in Sources */ = {isa = PBXBuildFile; fileRef = 445E29831B8E560C00DA4FD7 /* FeedingGameScene.swift */; };
		445E29861B8E565500DA4FD7 /* TrainingGameScene.swift in Sources */ = {isa = PBXBuildFile; fileRef = 445E29851B8E565500DA4FD7 /* TrainingGameScene.swift */; };
		445E29881B8E566300DA4FD7 /* TrainingGameScene.sks in Resources */ = {isa = PBXBuildFile; fileRef = 445E29871B8E566300DA4FD7 /* TrainingGameScene.sks */; };
		445E298B1B8E5BF500DA4FD7 /* backgroundFeedingGame.jpg in Resources */ = {isa = PBXBuildFile; fileRef = 445E29891B8E5BF500DA4FD7 /* backgroundFeedingGame.jpg */; };
		445E298C1B8E5BF500DA4FD7 /* backgroundTrainingGame.jpg in Resources */ = {isa = PBXBuildFile; fileRef = 445E298A1B8E5BF500DA4FD7 /* backgroundTrainingGame.jpg */; };
		445E29921B8E5E7F00DA4FD7 /* feedingGame.png in Resources */ = {isa = PBXBuildFile; fileRef = 445E29911B8E5E7F00DA4FD7 /* feedingGame.png */; };
		445E29941B8E5EFA00DA4FD7 /* trainingGame.jpg in Resources */ = {isa = PBXBuildFile; fileRef = 445E29931B8E5EFA00DA4FD7 /* trainingGame.jpg */; };
		445E29961B8E6CFD00DA4FD7 /* treatmentScene.jpg in Resources */ = {isa = PBXBuildFile; fileRef = 445E29951B8E6CFD00DA4FD7 /* treatmentScene.jpg */; };
		445E29981B8E6FEE00DA4FD7 /* backgroundTreatment.jpg in Resources */ = {isa = PBXBuildFile; fileRef = 445E29971B8E6FEE00DA4FD7 /* backgroundTreatment.jpg */; };
		44F7E0661B8E2E9000CD4C08 /* ShopScene.sks in Resources */ = {isa = PBXBuildFile; fileRef = 44F7E05F1B8E2E9000CD4C08 /* ShopScene.sks */; };
		44F7E0671B8E2E9000CD4C08 /* ShopScene.swift in Sources */ = {isa = PBXBuildFile; fileRef = 44F7E0601B8E2E9000CD4C08 /* ShopScene.swift */; };
		44F7E0691B8E2E9000CD4C08 /* TreatmentScene.sks in Resources */ = {isa = PBXBuildFile; fileRef = 44F7E0621B8E2E9000CD4C08 /* TreatmentScene.sks */; };
		44F7E06A1B8E2E9000CD4C08 /* TreatmentScene.swift in Sources */ = {isa = PBXBuildFile; fileRef = 44F7E0631B8E2E9000CD4C08 /* TreatmentScene.swift */; };
		44F7E06B1B8E2E9000CD4C08 /* ZooMapScene.sks in Resources */ = {isa = PBXBuildFile; fileRef = 44F7E0641B8E2E9000CD4C08 /* ZooMapScene.sks */; };
		44F7E06C1B8E2E9000CD4C08 /* ZooMapScene.swift in Sources */ = {isa = PBXBuildFile; fileRef = 44F7E0651B8E2E9000CD4C08 /* ZooMapScene.swift */; };
		44F7E0761B8E2EB900CD4C08 /* MedicalAreaScene.sks in Resources */ = {isa = PBXBuildFile; fileRef = 44F7E06F1B8E2EB900CD4C08 /* MedicalAreaScene.sks */; };
		44F7E0771B8E2EB900CD4C08 /* MedicalAreaScene.swift in Sources */ = {isa = PBXBuildFile; fileRef = 44F7E0701B8E2EB900CD4C08 /* MedicalAreaScene.swift */; };
		44F7E0801B8E2F3200CD4C08 /* GameViewController.swift in Sources */ = {isa = PBXBuildFile; fileRef = 44F7E07F1B8E2F3200CD4C08 /* GameViewController.swift */; };
		44F7E0831B8E2F6B00CD4C08 /* AlbumScene.sks in Resources */ = {isa = PBXBuildFile; fileRef = 44F7E0811B8E2F6B00CD4C08 /* AlbumScene.sks */; };
		44F7E0841B8E2F6B00CD4C08 /* AlbumScene.swift in Sources */ = {isa = PBXBuildFile; fileRef = 44F7E0821B8E2F6B00CD4C08 /* AlbumScene.swift */; };
		44F7E0901B8E2FFA00CD4C08 /* backgroundMedicalArea.jpg in Resources */ = {isa = PBXBuildFile; fileRef = 44F7E0871B8E2FFA00CD4C08 /* backgroundMedicalArea.jpg */; };
		44F7E0911B8E2FFA00CD4C08 /* backgroundMenu.jpg in Resources */ = {isa = PBXBuildFile; fileRef = 44F7E0881B8E2FFA00CD4C08 /* backgroundMenu.jpg */; };
		44F7E0921B8E2FFA00CD4C08 /* backgroundShop.jpg in Resources */ = {isa = PBXBuildFile; fileRef = 44F7E0891B8E2FFA00CD4C08 /* backgroundShop.jpg */; };
		44F7E0931B8E2FFA00CD4C08 /* medicalArea.jpeg in Resources */ = {isa = PBXBuildFile; fileRef = 44F7E08A1B8E2FFA00CD4C08 /* medicalArea.jpeg */; };
		44F7E0941B8E2FFA00CD4C08 /* medicalArea.jpg in Resources */ = {isa = PBXBuildFile; fileRef = 44F7E08B1B8E2FFA00CD4C08 /* medicalArea.jpg */; };
		44F7E0951B8E2FFA00CD4C08 /* shop.jpg in Resources */ = {isa = PBXBuildFile; fileRef = 44F7E08C1B8E2FFA00CD4C08 /* shop.jpg */; };
		44F7E0961B8E2FFA00CD4C08 /* back.png in Resources */ = {isa = PBXBuildFile; fileRef = 44F7E08D1B8E2FFA00CD4C08 /* back.png */; };
		44F7E0971B8E2FFA00CD4C08 /* backgroundZoo.png in Resources */ = {isa = PBXBuildFile; fileRef = 44F7E08E1B8E2FFA00CD4C08 /* backgroundZoo.png */; };
		44F7E0981B8E2FFA00CD4C08 /* play.png in Resources */ = {isa = PBXBuildFile; fileRef = 44F7E08F1B8E2FFA00CD4C08 /* play.png */; };
		44F7E09B1B8E333A00CD4C08 /* MenuScene.sks in Resources */ = {isa = PBXBuildFile; fileRef = 44F7E0991B8E333A00CD4C08 /* MenuScene.sks */; };
		44F7E09C1B8E333A00CD4C08 /* MenuScene.swift in Sources */ = {isa = PBXBuildFile; fileRef = 44F7E09A1B8E333A00CD4C08 /* MenuScene.swift */; };
		44F7E09E1B8E3C2900CD4C08 /* EnclousureScene.swift in Sources */ = {isa = PBXBuildFile; fileRef = 44F7E09D1B8E3C2900CD4C08 /* EnclousureScene.swift */; };
		44F7E0A01B8E3C6500CD4C08 /* EnclousureScene.sks in Resources */ = {isa = PBXBuildFile; fileRef = 44F7E09F1B8E3C6500CD4C08 /* EnclousureScene.sks */; };
		44F7E0A21B8E42F300CD4C08 /* backgroundEnclousure.jpg in Resources */ = {isa = PBXBuildFile; fileRef = 44F7E0A11B8E42F300CD4C08 /* backgroundEnclousure.jpg */; };
		44F7E0A41B8E45EC00CD4C08 /* enclousureBirds.jpg in Resources */ = {isa = PBXBuildFile; fileRef = 44F7E0A31B8E45EC00CD4C08 /* enclousureBirds.jpg */; };
		E24C716A1B850372004A77EA /* AppDelegate.swift in Sources */ = {isa = PBXBuildFile; fileRef = E24C71691B850372004A77EA /* AppDelegate.swift */; };
		E24C71731B850372004A77EA /* Main.storyboard in Resources */ = {isa = PBXBuildFile; fileRef = E24C71711B850372004A77EA /* Main.storyboard */; };
		E24C71751B850372004A77EA /* Images.xcassets in Resources */ = {isa = PBXBuildFile; fileRef = E24C71741B850372004A77EA /* Images.xcassets */; };
		E24C71781B850372004A77EA /* LaunchScreen.xib in Resources */ = {isa = PBXBuildFile; fileRef = E24C71761B850372004A77EA /* LaunchScreen.xib */; };
		E24C71841B850372004A77EA /* ZooProjectTests.swift in Sources */ = {isa = PBXBuildFile; fileRef = E24C71831B850372004A77EA /* ZooProjectTests.swift */; };
/* End PBXBuildFile section */

/* Begin PBXContainerItemProxy section */
		E24C717E1B850372004A77EA /* PBXContainerItemProxy */ = {
			isa = PBXContainerItemProxy;
			containerPortal = E24C715C1B850372004A77EA /* Project object */;
			proxyType = 1;
			remoteGlobalIDString = E24C71631B850372004A77EA;
			remoteInfo = ZooProject;
		};
/* End PBXContainerItemProxy section */

/* Begin PBXFileReference section */
		440F53DF1B90CF3E007C89DC /* tap.png */ = {isa = PBXFileReference; lastKnownFileType = image.png; path = tap.png; sourceTree = "<group>"; };
		441A8B8E1B94FCE200539E5F /* Ariranha.atlas */ = {isa = PBXFileReference; lastKnownFileType = folder.skatlas; path = Ariranha.atlas; sourceTree = "<group>"; };
		444918231B8F95FE00DD81E1 /* bola.png */ = {isa = PBXFileReference; lastKnownFileType = image.png; path = bola.png; sourceTree = "<group>"; };
		445E29811B8E554200DA4FD7 /* FeedingGameScene.sks */ = {isa = PBXFileReference; lastKnownFileType = file.sks; path = FeedingGameScene.sks; sourceTree = "<group>"; };
		445E29831B8E560C00DA4FD7 /* FeedingGameScene.swift */ = {isa = PBXFileReference; fileEncoding = 4; lastKnownFileType = sourcecode.swift; path = FeedingGameScene.swift; sourceTree = "<group>"; };
		445E29851B8E565500DA4FD7 /* TrainingGameScene.swift */ = {isa = PBXFileReference; fileEncoding = 4; lastKnownFileType = sourcecode.swift; path = TrainingGameScene.swift; sourceTree = "<group>"; };
		445E29871B8E566300DA4FD7 /* TrainingGameScene.sks */ = {isa = PBXFileReference; lastKnownFileType = file.sks; path = TrainingGameScene.sks; sourceTree = "<group>"; };
		445E29891B8E5BF500DA4FD7 /* backgroundFeedingGame.jpg */ = {isa = PBXFileReference; lastKnownFileType = image.jpeg; path = backgroundFeedingGame.jpg; sourceTree = "<group>"; };
		445E298A1B8E5BF500DA4FD7 /* backgroundTrainingGame.jpg */ = {isa = PBXFileReference; lastKnownFileType = image.jpeg; path = backgroundTrainingGame.jpg; sourceTree = "<group>"; };
		445E29911B8E5E7F00DA4FD7 /* feedingGame.png */ = {isa = PBXFileReference; lastKnownFileType = image.png; path = feedingGame.png; sourceTree = "<group>"; };
		445E29931B8E5EFA00DA4FD7 /* trainingGame.jpg */ = {isa = PBXFileReference; lastKnownFileType = image.jpeg; path = trainingGame.jpg; sourceTree = "<group>"; };
		445E29951B8E6CFD00DA4FD7 /* treatmentScene.jpg */ = {isa = PBXFileReference; lastKnownFileType = image.jpeg; path = treatmentScene.jpg; sourceTree = "<group>"; };
		445E29971B8E6FEE00DA4FD7 /* backgroundTreatment.jpg */ = {isa = PBXFileReference; lastKnownFileType = image.jpeg; path = backgroundTreatment.jpg; sourceTree = "<group>"; };
		44F7E05F1B8E2E9000CD4C08 /* ShopScene.sks */ = {isa = PBXFileReference; lastKnownFileType = file.sks; path = ShopScene.sks; sourceTree = "<group>"; };
		44F7E0601B8E2E9000CD4C08 /* ShopScene.swift */ = {isa = PBXFileReference; fileEncoding = 4; lastKnownFileType = sourcecode.swift; path = ShopScene.swift; sourceTree = "<group>"; };
		44F7E0621B8E2E9000CD4C08 /* TreatmentScene.sks */ = {isa = PBXFileReference; lastKnownFileType = file.sks; path = TreatmentScene.sks; sourceTree = "<group>"; };
		44F7E0631B8E2E9000CD4C08 /* TreatmentScene.swift */ = {isa = PBXFileReference; fileEncoding = 4; lastKnownFileType = sourcecode.swift; path = TreatmentScene.swift; sourceTree = "<group>"; };
		44F7E0641B8E2E9000CD4C08 /* ZooMapScene.sks */ = {isa = PBXFileReference; lastKnownFileType = file.sks; path = ZooMapScene.sks; sourceTree = "<group>"; };
		44F7E0651B8E2E9000CD4C08 /* ZooMapScene.swift */ = {isa = PBXFileReference; fileEncoding = 4; lastKnownFileType = sourcecode.swift; path = ZooMapScene.swift; sourceTree = "<group>"; };
		44F7E06F1B8E2EB900CD4C08 /* MedicalAreaScene.sks */ = {isa = PBXFileReference; lastKnownFileType = file.sks; path = MedicalAreaScene.sks; sourceTree = "<group>"; };
		44F7E0701B8E2EB900CD4C08 /* MedicalAreaScene.swift */ = {isa = PBXFileReference; fileEncoding = 4; lastKnownFileType = sourcecode.swift; path = MedicalAreaScene.swift; sourceTree = "<group>"; };
		44F7E07F1B8E2F3200CD4C08 /* GameViewController.swift */ = {isa = PBXFileReference; fileEncoding = 4; lastKnownFileType = sourcecode.swift; path = GameViewController.swift; sourceTree = "<group>"; };
		44F7E0811B8E2F6B00CD4C08 /* AlbumScene.sks */ = {isa = PBXFileReference; lastKnownFileType = file.sks; path = AlbumScene.sks; sourceTree = "<group>"; };
		44F7E0821B8E2F6B00CD4C08 /* AlbumScene.swift */ = {isa = PBXFileReference; fileEncoding = 4; lastKnownFileType = sourcecode.swift; path = AlbumScene.swift; sourceTree = "<group>"; };
		44F7E0871B8E2FFA00CD4C08 /* backgroundMedicalArea.jpg */ = {isa = PBXFileReference; lastKnownFileType = image.jpeg; path = backgroundMedicalArea.jpg; sourceTree = "<group>"; };
		44F7E0881B8E2FFA00CD4C08 /* backgroundMenu.jpg */ = {isa = PBXFileReference; lastKnownFileType = image.jpeg; path = backgroundMenu.jpg; sourceTree = "<group>"; };
		44F7E0891B8E2FFA00CD4C08 /* backgroundShop.jpg */ = {isa = PBXFileReference; lastKnownFileType = image.jpeg; path = backgroundShop.jpg; sourceTree = "<group>"; };
		44F7E08A1B8E2FFA00CD4C08 /* medicalArea.jpeg */ = {isa = PBXFileReference; lastKnownFileType = image.jpeg; path = medicalArea.jpeg; sourceTree = "<group>"; };
		44F7E08B1B8E2FFA00CD4C08 /* medicalArea.jpg */ = {isa = PBXFileReference; lastKnownFileType = image.jpeg; path = medicalArea.jpg; sourceTree = "<group>"; };
		44F7E08C1B8E2FFA00CD4C08 /* shop.jpg */ = {isa = PBXFileReference; lastKnownFileType = image.jpeg; path = shop.jpg; sourceTree = "<group>"; };
		44F7E08D1B8E2FFA00CD4C08 /* back.png */ = {isa = PBXFileReference; lastKnownFileType = image.png; path = back.png; sourceTree = "<group>"; };
		44F7E08E1B8E2FFA00CD4C08 /* backgroundZoo.png */ = {isa = PBXFileReference; lastKnownFileType = image.png; path = backgroundZoo.png; sourceTree = "<group>"; };
		44F7E08F1B8E2FFA00CD4C08 /* play.png */ = {isa = PBXFileReference; lastKnownFileType = image.png; path = play.png; sourceTree = "<group>"; };
		44F7E0991B8E333A00CD4C08 /* MenuScene.sks */ = {isa = PBXFileReference; lastKnownFileType = file.sks; path = MenuScene.sks; sourceTree = "<group>"; };
		44F7E09A1B8E333A00CD4C08 /* MenuScene.swift */ = {isa = PBXFileReference; fileEncoding = 4; lastKnownFileType = sourcecode.swift; path = MenuScene.swift; sourceTree = "<group>"; };
		44F7E09D1B8E3C2900CD4C08 /* EnclousureScene.swift */ = {isa = PBXFileReference; fileEncoding = 4; lastKnownFileType = sourcecode.swift; path = EnclousureScene.swift; sourceTree = "<group>"; };
		44F7E09F1B8E3C6500CD4C08 /* EnclousureScene.sks */ = {isa = PBXFileReference; lastKnownFileType = file.sks; path = EnclousureScene.sks; sourceTree = "<group>"; };
		44F7E0A11B8E42F300CD4C08 /* backgroundEnclousure.jpg */ = {isa = PBXFileReference; lastKnownFileType = image.jpeg; path = backgroundEnclousure.jpg; sourceTree = "<group>"; };
		44F7E0A31B8E45EC00CD4C08 /* enclousureBirds.jpg */ = {isa = PBXFileReference; lastKnownFileType = image.jpeg; path = enclousureBirds.jpg; sourceTree = "<group>"; };
		E24C71641B850372004A77EA /* ZooProject.app */ = {isa = PBXFileReference; explicitFileType = wrapper.application; includeInIndex = 0; path = ZooProject.app; sourceTree = BUILT_PRODUCTS_DIR; };
		E24C71681B850372004A77EA /* Info.plist */ = {isa = PBXFileReference; lastKnownFileType = text.plist.xml; path = Info.plist; sourceTree = "<group>"; };
		E24C71691B850372004A77EA /* AppDelegate.swift */ = {isa = PBXFileReference; lastKnownFileType = sourcecode.swift; path = AppDelegate.swift; sourceTree = "<group>"; };
		E24C71721B850372004A77EA /* Base */ = {isa = PBXFileReference; lastKnownFileType = file.storyboard; name = Base; path = Base.lproj/Main.storyboard; sourceTree = "<group>"; };
		E24C71741B850372004A77EA /* Images.xcassets */ = {isa = PBXFileReference; lastKnownFileType = folder.assetcatalog; path = Images.xcassets; sourceTree = "<group>"; };
		E24C71771B850372004A77EA /* Base */ = {isa = PBXFileReference; lastKnownFileType = file.xib; name = Base; path = Base.lproj/LaunchScreen.xib; sourceTree = "<group>"; };
		E24C717D1B850372004A77EA /* ZooProjectTests.xctest */ = {isa = PBXFileReference; explicitFileType = wrapper.cfbundle; includeInIndex = 0; path = ZooProjectTests.xctest; sourceTree = BUILT_PRODUCTS_DIR; };
		E24C71821B850372004A77EA /* Info.plist */ = {isa = PBXFileReference; lastKnownFileType = text.plist.xml; path = Info.plist; sourceTree = "<group>"; };
		E24C71831B850372004A77EA /* ZooProjectTests.swift */ = {isa = PBXFileReference; lastKnownFileType = sourcecode.swift; path = ZooProjectTests.swift; sourceTree = "<group>"; };
/* End PBXFileReference section */

/* Begin PBXFrameworksBuildPhase section */
		E24C71611B850372004A77EA /* Frameworks */ = {
			isa = PBXFrameworksBuildPhase;
			buildActionMask = 2147483647;
			files = (
			);
			runOnlyForDeploymentPostprocessing = 0;
		};
		E24C717A1B850372004A77EA /* Frameworks */ = {
			isa = PBXFrameworksBuildPhase;
			buildActionMask = 2147483647;
			files = (
			);
			runOnlyForDeploymentPostprocessing = 0;
		};
/* End PBXFrameworksBuildPhase section */

/* Begin PBXGroup section */
		44F7E0851B8E2FA700CD4C08 /* Images */ = {
			isa = PBXGroup;
			children = (
				44F7E0861B8E2FC900CD4C08 /* PlaceHolder */,
			);
			name = Images;
			sourceTree = "<group>";
		};
		44F7E0861B8E2FC900CD4C08 /* PlaceHolder */ = {
			isa = PBXGroup;
			children = (
				441A8B8E1B94FCE200539E5F /* Ariranha.atlas */,
				444918231B8F95FE00DD81E1 /* bola.png */,
				44F7E08D1B8E2FFA00CD4C08 /* back.png */,
				44F7E0A11B8E42F300CD4C08 /* backgroundEnclousure.jpg */,
				445E29891B8E5BF500DA4FD7 /* backgroundFeedingGame.jpg */,
				44F7E0871B8E2FFA00CD4C08 /* backgroundMedicalArea.jpg */,
				44F7E0881B8E2FFA00CD4C08 /* backgroundMenu.jpg */,
				44F7E0891B8E2FFA00CD4C08 /* backgroundShop.jpg */,
				445E298A1B8E5BF500DA4FD7 /* backgroundTrainingGame.jpg */,
				44F7E08E1B8E2FFA00CD4C08 /* backgroundZoo.png */,
				44F7E0A31B8E45EC00CD4C08 /* enclousureBirds.jpg */,
				445E29911B8E5E7F00DA4FD7 /* feedingGame.png */,
				44F7E08A1B8E2FFA00CD4C08 /* medicalArea.jpeg */,
				445E29971B8E6FEE00DA4FD7 /* backgroundTreatment.jpg */,
				44F7E08B1B8E2FFA00CD4C08 /* medicalArea.jpg */,
				440F53DF1B90CF3E007C89DC /* tap.png */,
				44F7E08F1B8E2FFA00CD4C08 /* play.png */,
				44F7E08C1B8E2FFA00CD4C08 /* shop.jpg */,
				445E29931B8E5EFA00DA4FD7 /* trainingGame.jpg */,
				445E29951B8E6CFD00DA4FD7 /* treatmentScene.jpg */,
			);
			name = PlaceHolder;
			sourceTree = "<group>";
		};
		E24C715B1B850372004A77EA = {
			isa = PBXGroup;
			children = (
				E24C71661B850372004A77EA /* ZooProject */,
				E24C71801B850372004A77EA /* ZooProjectTests */,
				E24C71651B850372004A77EA /* Products */,
			);
			sourceTree = "<group>";
		};
		E24C71651B850372004A77EA /* Products */ = {
			isa = PBXGroup;
			children = (
				E24C71641B850372004A77EA /* ZooProject.app */,
				E24C717D1B850372004A77EA /* ZooProjectTests.xctest */,
			);
			name = Products;
			sourceTree = "<group>";
		};
		E24C71661B850372004A77EA /* ZooProject */ = {
			isa = PBXGroup;
			children = (
				44F7E0851B8E2FA700CD4C08 /* Images */,
				E24C71691B850372004A77EA /* AppDelegate.swift */,
				44F7E07F1B8E2F3200CD4C08 /* GameViewController.swift */,
				44F7E0991B8E333A00CD4C08 /* MenuScene.sks */,
				44F7E09A1B8E333A00CD4C08 /* MenuScene.swift */,
				44F7E0641B8E2E9000CD4C08 /* ZooMapScene.sks */,
				44F7E0651B8E2E9000CD4C08 /* ZooMapScene.swift */,
				44F7E05F1B8E2E9000CD4C08 /* ShopScene.sks */,
				44F7E0601B8E2E9000CD4C08 /* ShopScene.swift */,
				44F7E06F1B8E2EB900CD4C08 /* MedicalAreaScene.sks */,
				44F7E0701B8E2EB900CD4C08 /* MedicalAreaScene.swift */,
				44F7E0621B8E2E9000CD4C08 /* TreatmentScene.sks */,
				44F7E0631B8E2E9000CD4C08 /* TreatmentScene.swift */,
				44F7E09F1B8E3C6500CD4C08 /* EnclousureScene.sks */,
				44F7E09D1B8E3C2900CD4C08 /* EnclousureScene.swift */,
				445E29811B8E554200DA4FD7 /* FeedingGameScene.sks */,
				445E29831B8E560C00DA4FD7 /* FeedingGameScene.swift */,
				445E29871B8E566300DA4FD7 /* TrainingGameScene.sks */,
				445E29851B8E565500DA4FD7 /* TrainingGameScene.swift */,
				44F7E0811B8E2F6B00CD4C08 /* AlbumScene.sks */,
				44F7E0821B8E2F6B00CD4C08 /* AlbumScene.swift */,
				E24C71711B850372004A77EA /* Main.storyboard */,
				E24C71741B850372004A77EA /* Images.xcassets */,
				E24C71761B850372004A77EA /* LaunchScreen.xib */,
				E24C71671B850372004A77EA /* Supporting Files */,
			);
			path = ZooProject;
			sourceTree = "<group>";
		};
		E24C71671B850372004A77EA /* Supporting Files */ = {
			isa = PBXGroup;
			children = (
				E24C71681B850372004A77EA /* Info.plist */,
			);
			name = "Supporting Files";
			sourceTree = "<group>";
		};
		E24C71801B850372004A77EA /* ZooProjectTests */ = {
			isa = PBXGroup;
			children = (
				E24C71831B850372004A77EA /* ZooProjectTests.swift */,
				E24C71811B850372004A77EA /* Supporting Files */,
			);
			path = ZooProjectTests;
			sourceTree = "<group>";
		};
		E24C71811B850372004A77EA /* Supporting Files */ = {
			isa = PBXGroup;
			children = (
				E24C71821B850372004A77EA /* Info.plist */,
			);
			name = "Supporting Files";
			sourceTree = "<group>";
		};
/* End PBXGroup section */

/* Begin PBXNativeTarget section */
		E24C71631B850372004A77EA /* ZooProject */ = {
			isa = PBXNativeTarget;
			buildConfigurationList = E24C71871B850372004A77EA /* Build configuration list for PBXNativeTarget "ZooProject" */;
			buildPhases = (
				E24C71601B850372004A77EA /* Sources */,
				E24C71611B850372004A77EA /* Frameworks */,
				E24C71621B850372004A77EA /* Resources */,
			);
			buildRules = (
			);
			dependencies = (
			);
			name = ZooProject;
			productName = ZooProject;
			productReference = E24C71641B850372004A77EA /* ZooProject.app */;
			productType = "com.apple.product-type.application";
		};
		E24C717C1B850372004A77EA /* ZooProjectTests */ = {
			isa = PBXNativeTarget;
			buildConfigurationList = E24C718A1B850372004A77EA /* Build configuration list for PBXNativeTarget "ZooProjectTests" */;
			buildPhases = (
				E24C71791B850372004A77EA /* Sources */,
				E24C717A1B850372004A77EA /* Frameworks */,
				E24C717B1B850372004A77EA /* Resources */,
			);
			buildRules = (
			);
			dependencies = (
				E24C717F1B850372004A77EA /* PBXTargetDependency */,
			);
			name = ZooProjectTests;
			productName = ZooProjectTests;
			productReference = E24C717D1B850372004A77EA /* ZooProjectTests.xctest */;
			productType = "com.apple.product-type.bundle.unit-test";
		};
/* End PBXNativeTarget section */

/* Begin PBXProject section */
		E24C715C1B850372004A77EA /* Project object */ = {
			isa = PBXProject;
			attributes = {
				LastUpgradeCheck = 0640;
				ORGANIZATIONNAME = Kalim;
				TargetAttributes = {
					E24C71631B850372004A77EA = {
						CreatedOnToolsVersion = 6.4;
					};
					E24C717C1B850372004A77EA = {
						CreatedOnToolsVersion = 6.4;
						TestTargetID = E24C71631B850372004A77EA;
					};
				};
			};
			buildConfigurationList = E24C715F1B850372004A77EA /* Build configuration list for PBXProject "ZooProject" */;
			compatibilityVersion = "Xcode 3.2";
			developmentRegion = English;
			hasScannedForEncodings = 0;
			knownRegions = (
				en,
				Base,
			);
			mainGroup = E24C715B1B850372004A77EA;
			productRefGroup = E24C71651B850372004A77EA /* Products */;
			projectDirPath = "";
			projectRoot = "";
			targets = (
				E24C71631B850372004A77EA /* ZooProject */,
				E24C717C1B850372004A77EA /* ZooProjectTests */,
			);
		};
/* End PBXProject section */

/* Begin PBXResourcesBuildPhase section */
		E24C71621B850372004A77EA /* Resources */ = {
			isa = PBXResourcesBuildPhase;
			buildActionMask = 2147483647;
			files = (
				E24C71781B850372004A77EA /* LaunchScreen.xib in Resources */,
				445E29921B8E5E7F00DA4FD7 /* feedingGame.png in Resources */,
				445E29881B8E566300DA4FD7 /* TrainingGameScene.sks in Resources */,
				44F7E0981B8E2FFA00CD4C08 /* play.png in Resources */,
				E24C71751B850372004A77EA /* Images.xcassets in Resources */,
				44F7E0961B8E2FFA00CD4C08 /* back.png in Resources */,
				44F7E0A21B8E42F300CD4C08 /* backgroundEnclousure.jpg in Resources */,
				44F7E0A01B8E3C6500CD4C08 /* EnclousureScene.sks in Resources */,
				44F7E0831B8E2F6B00CD4C08 /* AlbumScene.sks in Resources */,
				445E298C1B8E5BF500DA4FD7 /* backgroundTrainingGame.jpg in Resources */,
				445E29821B8E554200DA4FD7 /* FeedingGameScene.sks in Resources */,
				440F53E01B90CF3E007C89DC /* tap.png in Resources */,
				444918241B8F95FE00DD81E1 /* bola.png in Resources */,
				44F7E0901B8E2FFA00CD4C08 /* backgroundMedicalArea.jpg in Resources */,
				44F7E0661B8E2E9000CD4C08 /* ShopScene.sks in Resources */,
				44F7E09B1B8E333A00CD4C08 /* MenuScene.sks in Resources */,
				445E298B1B8E5BF500DA4FD7 /* backgroundFeedingGame.jpg in Resources */,
				44F7E0951B8E2FFA00CD4C08 /* shop.jpg in Resources */,
				445E29941B8E5EFA00DA4FD7 /* trainingGame.jpg in Resources */,
				44F7E0941B8E2FFA00CD4C08 /* medicalArea.jpg in Resources */,
				441A8B8F1B94FCE200539E5F /* Ariranha.atlas in Resources */,
				E24C71731B850372004A77EA /* Main.storyboard in Resources */,
				44F7E0931B8E2FFA00CD4C08 /* medicalArea.jpeg in Resources */,
				44F7E0911B8E2FFA00CD4C08 /* backgroundMenu.jpg in Resources */,
				44F7E06B1B8E2E9000CD4C08 /* ZooMapScene.sks in Resources */,
				44F7E0A41B8E45EC00CD4C08 /* enclousureBirds.jpg in Resources */,
				445E29961B8E6CFD00DA4FD7 /* treatmentScene.jpg in Resources */,
				445E29981B8E6FEE00DA4FD7 /* backgroundTreatment.jpg in Resources */,
				44F7E0761B8E2EB900CD4C08 /* MedicalAreaScene.sks in Resources */,
				44F7E0971B8E2FFA00CD4C08 /* backgroundZoo.png in Resources */,
				44F7E0691B8E2E9000CD4C08 /* TreatmentScene.sks in Resources */,
				44F7E0921B8E2FFA00CD4C08 /* backgroundShop.jpg in Resources */,
			);
			runOnlyForDeploymentPostprocessing = 0;
		};
		E24C717B1B850372004A77EA /* Resources */ = {
			isa = PBXResourcesBuildPhase;
			buildActionMask = 2147483647;
			files = (
			);
			runOnlyForDeploymentPostprocessing = 0;
		};
/* End PBXResourcesBuildPhase section */

/* Begin PBXSourcesBuildPhase section */
		E24C71601B850372004A77EA /* Sources */ = {
			isa = PBXSourcesBuildPhase;
			buildActionMask = 2147483647;
			files = (
				44F7E0841B8E2F6B00CD4C08 /* AlbumScene.swift in Sources */,
				445E29841B8E560C00DA4FD7 /* FeedingGameScene.swift in Sources */,
				44F7E0801B8E2F3200CD4C08 /* GameViewController.swift in Sources */,
				44F7E09E1B8E3C2900CD4C08 /* EnclousureScene.swift in Sources */,
				44F7E0771B8E2EB900CD4C08 /* MedicalAreaScene.swift in Sources */,
				44F7E09C1B8E333A00CD4C08 /* MenuScene.swift in Sources */,
				44F7E06A1B8E2E9000CD4C08 /* TreatmentScene.swift in Sources */,
				445E29861B8E565500DA4FD7 /* TrainingGameScene.swift in Sources */,
				44F7E0671B8E2E9000CD4C08 /* ShopScene.swift in Sources */,
				E24C716A1B850372004A77EA /* AppDelegate.swift in Sources */,
				44F7E06C1B8E2E9000CD4C08 /* ZooMapScene.swift in Sources */,
			);
			runOnlyForDeploymentPostprocessing = 0;
		};
		E24C71791B850372004A77EA /* Sources */ = {
			isa = PBXSourcesBuildPhase;
			buildActionMask = 2147483647;
			files = (
				E24C71841B850372004A77EA /* ZooProjectTests.swift in Sources */,
			);
			runOnlyForDeploymentPostprocessing = 0;
		};
/* End PBXSourcesBuildPhase section */

/* Begin PBXTargetDependency section */
		E24C717F1B850372004A77EA /* PBXTargetDependency */ = {
			isa = PBXTargetDependency;
			target = E24C71631B850372004A77EA /* ZooProject */;
			targetProxy = E24C717E1B850372004A77EA /* PBXContainerItemProxy */;
		};
/* End PBXTargetDependency section */

/* Begin PBXVariantGroup section */
		E24C71711B850372004A77EA /* Main.storyboard */ = {
			isa = PBXVariantGroup;
			children = (
				E24C71721B850372004A77EA /* Base */,
			);
			name = Main.storyboard;
			sourceTree = "<group>";
		};
		E24C71761B850372004A77EA /* LaunchScreen.xib */ = {
			isa = PBXVariantGroup;
			children = (
				E24C71771B850372004A77EA /* Base */,
			);
			name = LaunchScreen.xib;
			sourceTree = "<group>";
		};
/* End PBXVariantGroup section */

/* Begin XCBuildConfiguration section */
		E24C71851B850372004A77EA /* Debug */ = {
			isa = XCBuildConfiguration;
			buildSettings = {
				ALWAYS_SEARCH_USER_PATHS = NO;
				CLANG_CXX_LANGUAGE_STANDARD = "gnu++0x";
				CLANG_CXX_LIBRARY = "libc++";
				CLANG_ENABLE_MODULES = YES;
				CLANG_ENABLE_OBJC_ARC = YES;
				CLANG_WARN_BOOL_CONVERSION = YES;
				CLANG_WARN_CONSTANT_CONVERSION = YES;
				CLANG_WARN_DIRECT_OBJC_ISA_USAGE = YES_ERROR;
				CLANG_WARN_EMPTY_BODY = YES;
				CLANG_WARN_ENUM_CONVERSION = YES;
				CLANG_WARN_INT_CONVERSION = YES;
				CLANG_WARN_OBJC_ROOT_CLASS = YES_ERROR;
				CLANG_WARN_UNREACHABLE_CODE = YES;
				CLANG_WARN__DUPLICATE_METHOD_MATCH = YES;
				"CODE_SIGN_IDENTITY[sdk=iphoneos*]" = "iPhone Developer";
				COPY_PHASE_STRIP = NO;
				DEBUG_INFORMATION_FORMAT = "dwarf-with-dsym";
				ENABLE_STRICT_OBJC_MSGSEND = YES;
				GCC_C_LANGUAGE_STANDARD = gnu99;
				GCC_DYNAMIC_NO_PIC = NO;
				GCC_NO_COMMON_BLOCKS = YES;
				GCC_OPTIMIZATION_LEVEL = 0;
				GCC_PREPROCESSOR_DEFINITIONS = (
					"DEBUG=1",
					"$(inherited)",
				);
				GCC_SYMBOLS_PRIVATE_EXTERN = NO;
				GCC_WARN_64_TO_32_BIT_CONVERSION = YES;
				GCC_WARN_ABOUT_RETURN_TYPE = YES_ERROR;
				GCC_WARN_UNDECLARED_SELECTOR = YES;
				GCC_WARN_UNINITIALIZED_AUTOS = YES_AGGRESSIVE;
				GCC_WARN_UNUSED_FUNCTION = YES;
				GCC_WARN_UNUSED_VARIABLE = YES;
				IPHONEOS_DEPLOYMENT_TARGET = 8.4;
				MTL_ENABLE_DEBUG_INFO = YES;
				ONLY_ACTIVE_ARCH = YES;
				SDKROOT = iphoneos;
				SWIFT_OPTIMIZATION_LEVEL = "-Onone";
				TARGETED_DEVICE_FAMILY = "1,2";
			};
			name = Debug;
		};
		E24C71861B850372004A77EA /* Release */ = {
			isa = XCBuildConfiguration;
			buildSettings = {
				ALWAYS_SEARCH_USER_PATHS = NO;
				CLANG_CXX_LANGUAGE_STANDARD = "gnu++0x";
				CLANG_CXX_LIBRARY = "libc++";
				CLANG_ENABLE_MODULES = YES;
				CLANG_ENABLE_OBJC_ARC = YES;
				CLANG_WARN_BOOL_CONVERSION = YES;
				CLANG_WARN_CONSTANT_CONVERSION = YES;
				CLANG_WARN_DIRECT_OBJC_ISA_USAGE = YES_ERROR;
				CLANG_WARN_EMPTY_BODY = YES;
				CLANG_WARN_ENUM_CONVERSION = YES;
				CLANG_WARN_INT_CONVERSION = YES;
				CLANG_WARN_OBJC_ROOT_CLASS = YES_ERROR;
				CLANG_WARN_UNREACHABLE_CODE = YES;
				CLANG_WARN__DUPLICATE_METHOD_MATCH = YES;
				"CODE_SIGN_IDENTITY[sdk=iphoneos*]" = "iPhone Developer";
				COPY_PHASE_STRIP = NO;
				DEBUG_INFORMATION_FORMAT = "dwarf-with-dsym";
				ENABLE_NS_ASSERTIONS = NO;
				ENABLE_STRICT_OBJC_MSGSEND = YES;
				GCC_C_LANGUAGE_STANDARD = gnu99;
				GCC_NO_COMMON_BLOCKS = YES;
				GCC_WARN_64_TO_32_BIT_CONVERSION = YES;
				GCC_WARN_ABOUT_RETURN_TYPE = YES_ERROR;
				GCC_WARN_UNDECLARED_SELECTOR = YES;
				GCC_WARN_UNINITIALIZED_AUTOS = YES_AGGRESSIVE;
				GCC_WARN_UNUSED_FUNCTION = YES;
				GCC_WARN_UNUSED_VARIABLE = YES;
				IPHONEOS_DEPLOYMENT_TARGET = 8.4;
				MTL_ENABLE_DEBUG_INFO = NO;
				SDKROOT = iphoneos;
				TARGETED_DEVICE_FAMILY = "1,2";
				VALIDATE_PRODUCT = YES;
			};
			name = Release;
		};
		E24C71881B850372004A77EA /* Debug */ = {
			isa = XCBuildConfiguration;
			buildSettings = {
				ASSETCATALOG_COMPILER_APPICON_NAME = AppIcon;
				INFOPLIST_FILE = ZooProject/Info.plist;
				LD_RUNPATH_SEARCH_PATHS = "$(inherited) @executable_path/Frameworks";
				PRODUCT_NAME = "$(TARGET_NAME)";
				TARGETED_DEVICE_FAMILY = 1;
			};
			name = Debug;
		};
		E24C71891B850372004A77EA /* Release */ = {
			isa = XCBuildConfiguration;
			buildSettings = {
				ASSETCATALOG_COMPILER_APPICON_NAME = AppIcon;
				INFOPLIST_FILE = ZooProject/Info.plist;
				LD_RUNPATH_SEARCH_PATHS = "$(inherited) @executable_path/Frameworks";
				PRODUCT_NAME = "$(TARGET_NAME)";
				TARGETED_DEVICE_FAMILY = 1;
			};
			name = Release;
		};
		E24C718B1B850372004A77EA /* Debug */ = {
			isa = XCBuildConfiguration;
			buildSettings = {
				BUNDLE_LOADER = "$(TEST_HOST)";
				FRAMEWORK_SEARCH_PATHS = (
					"$(SDKROOT)/Developer/Library/Frameworks",
					"$(inherited)",
				);
				GCC_PREPROCESSOR_DEFINITIONS = (
					"DEBUG=1",
					"$(inherited)",
				);
				INFOPLIST_FILE = ZooProjectTests/Info.plist;
				LD_RUNPATH_SEARCH_PATHS = "$(inherited) @executable_path/Frameworks @loader_path/Frameworks";
				PRODUCT_NAME = "$(TARGET_NAME)";
				TEST_HOST = "$(BUILT_PRODUCTS_DIR)/ZooProject.app/ZooProject";
			};
			name = Debug;
		};
		E24C718C1B850372004A77EA /* Release */ = {
			isa = XCBuildConfiguration;
			buildSettings = {
				BUNDLE_LOADER = "$(TEST_HOST)";
				FRAMEWORK_SEARCH_PATHS = (
					"$(SDKROOT)/Developer/Library/Frameworks",
					"$(inherited)",
				);
				INFOPLIST_FILE = ZooProjectTests/Info.plist;
				LD_RUNPATH_SEARCH_PATHS = "$(inherited) @executable_path/Frameworks @loader_path/Frameworks";
				PRODUCT_NAME = "$(TARGET_NAME)";
				TEST_HOST = "$(BUILT_PRODUCTS_DIR)/ZooProject.app/ZooProject";
			};
			name = Release;
		};
/* End XCBuildConfiguration section */

/* Begin XCConfigurationList section */
		E24C715F1B850372004A77EA /* Build configuration list for PBXProject "ZooProject" */ = {
			isa = XCConfigurationList;
			buildConfigurations = (
				E24C71851B850372004A77EA /* Debug */,
				E24C71861B850372004A77EA /* Release */,
			);
			defaultConfigurationIsVisible = 0;
			defaultConfigurationName = Release;
		};
		E24C71871B850372004A77EA /* Build configuration list for PBXNativeTarget "ZooProject" */ = {
			isa = XCConfigurationList;
			buildConfigurations = (
				E24C71881B850372004A77EA /* Debug */,
				E24C71891B850372004A77EA /* Release */,
			);
			defaultConfigurationIsVisible = 0;
			defaultConfigurationName = Release;
		};
		E24C718A1B850372004A77EA /* Build configuration list for PBXNativeTarget "ZooProjectTests" */ = {
			isa = XCConfigurationList;
			buildConfigurations = (
				E24C718B1B850372004A77EA /* Debug */,
				E24C718C1B850372004A77EA /* Release */,
			);
			defaultConfigurationIsVisible = 0;
			defaultConfigurationName = Release;
		};
/* End XCConfigurationList section */
	};
	rootObject = E24C715C1B850372004A77EA /* Project object */;
}
